
Microsoft Visual Studio Solution File, Format Version 12.00
# Visual Studio Version 17
VisualStudioVersion = 17.0.31903.59
MinimumVisualStudioVersion = 10.0.40219.1
Project("{2150E333-8FDC-42A3-9474-1A3956D46DE8}") = "src", "src", "{F513A076-4596-4708-AE34-04ADF9CDE0FE}"
EndProject
Project("{FAE04EC0-301F-11D3-BF4B-00C04F79EFBC}") = "MySpot.Api", "src\MySpot.Api\MySpot.Api.csproj", "{3F0A2971-3422-4BDB-88C1-5250A35BE67D}"
EndProject
Global
	GlobalSection(SolutionConfigurationPlatforms) = preSolution
		Debug|Any CPU = Debug|Any CPU
		Release|Any CPU = Release|Any CPU
	EndGlobalSection
	GlobalSection(SolutionProperties) = preSolution
		HideSolutionNode = FALSE
	EndGlobalSection
	GlobalSection(ProjectConfigurationPlatforms) = postSolution
		{3F0A2971-3422-4BDB-88C1-5250A35BE67D}.Debug|Any CPU.ActiveCfg = Debug|Any CPU
		{3F0A2971-3422-4BDB-88C1-5250A35BE67D}.Debug|Any CPU.Build.0 = Debug|Any CPU
		{3F0A2971-3422-4BDB-88C1-5250A35BE67D}.Release|Any CPU.ActiveCfg = Release|Any CPU
		{3F0A2971-3422-4BDB-88C1-5250A35BE67D}.Release|Any CPU.Build.0 = Release|Any CPU
	EndGlobalSection
	GlobalSection(NestedProjects) = preSolution
		{3F0A2971-3422-4BDB-88C1-5250A35BE67D} = {F513A076-4596-4708-AE34-04ADF9CDE0FE}
	EndGlobalSection
EndGlobal
